{
  "nodes": {
    "flake-utils": {
      "locked": {
        "lastModified": 1656065134,
        "narHash": "sha256-oc6E6ByIw3oJaIyc67maaFcnjYOz1mMcOtHxbEf9NwQ=",
        "owner": "numtide",
        "repo": "flake-utils",
        "rev": "bee6a7250dd1b01844a2de7e02e4df7d8a0a206c",
        "type": "github"
      },
      "original": {
        "owner": "numtide",
        "repo": "flake-utils",
        "type": "github"
      }
    },
    "gomod2nix": {
      "inputs": {
        "nixpkgs": [
          "nixpkgs"
        ],
        "utils": [
          "flake-utils"
        ]
      },
      "locked": {
        "lastModified": 1662095654,
        "narHash": "sha256-v2WMKnkpkz5YLYTBwh0NVgi3Xl4En249LCdrKTA4Nek=",
        "owner": "nix-community",
        "repo": "gomod2nix",
        "rev": "cc75990c60d01d9eedcf32ff4bf0055dd49c3ea1",
        "type": "github"
      },
      "original": {
        "owner": "nix-community",
        "repo": "gomod2nix",
        "type": "github"
      }
    },
    "nix-bundle-exe": {
      "flake": false,
      "locked": {
        "lastModified": 1653422978,
        "narHash": "sha256-mSgXJLc1DGb4oADxT/3wmZmuGE4e8y2KuKvgGtroWYk=",
        "owner": "3noch",
        "repo": "nix-bundle-exe",
        "rev": "1831e9967242a039a417dac594e2c0d275f1e055",
        "type": "github"
      },
      "original": {
        "owner": "3noch",
        "repo": "nix-bundle-exe",
        "type": "github"
      }
    },
    "nixpkgs": {
      "locked": {
        "lastModified": 1658893326,
        "narHash": "sha256-3yzdFURBng/nmevGw5LL6e2E5Dt3UxMXk3PgLjjGhHY=",
        "owner": "NixOS",
        "repo": "nixpkgs",
        "rev": "0011e576fb992ea9305d3c49387d09a84eadd596",
        "type": "github"
      },
      "original": {
        "owner": "NixOS",
        "ref": "master",
        "repo": "nixpkgs",
        "type": "github"
      }
    },
    "rocksdb-src": {
      "flake": false,
      "locked": {
        "lastModified": 1648583659,
        "narHash": "sha256-m6twgWcPTVD6uzcLuskKX6voeq7qAF3rozfLqSakI7s=",
        "owner": "facebook",
        "repo": "rocksdb",
        "rev": "da11a59034584ea2d0911268b8136e5249d6b692",
        "type": "github"
      },
      "original": {
        "owner": "facebook",
        "ref": "v6.29.5",
        "repo": "rocksdb",
        "type": "github"
      }
    },
    "root": {
      "inputs": {
        "flake-utils": "flake-utils",
        "gomod2nix": "gomod2nix",
        "nix-bundle-exe": "nix-bundle-exe",
        "nixpkgs": "nixpkgs",
        "rocksdb-src": "rocksdb-src"
      }
    }
  },
  "root": "root",
  "version": 7
}
